{
  "name": "klicker-react",
  "version": "0.0.1",
  "lockfileVersion": 1,
  "requires": true,
  "dependencies": {
    "asap": {
      "version": "2.0.6",
      "resolved": "https://registry.npmjs.org/asap/-/asap-2.0.6.tgz",
      "integrity": "sha1-5QNHYR1+aQlDIIu9r+vLwvuGbUY="
    },
    "chain-function": {
      "version": "1.0.0",
      "resolved": "https://registry.npmjs.org/chain-function/-/chain-function-1.0.0.tgz",
      "integrity": "sha1-DUqzfn4Y6tC9xHuSB2QRjOWHM9w="
    },
    "core-js": {
      "version": "1.2.7",
      "resolved": "https://registry.npmjs.org/core-js/-/core-js-1.2.7.tgz",
      "integrity": "sha1-ZSKUwUZR2yj6k70tX/KYOk8IxjY="
    },
    "dom-helpers": {
      "version": "3.2.1",
      "resolved": "https://registry.npmjs.org/dom-helpers/-/dom-helpers-3.2.1.tgz",
      "integrity": "sha1-MgPgf+0he9H0JLAZc1WC/Deyglo="
    },
    "encoding": {
      "version": "0.1.12",
      "resolved": "https://registry.npmjs.org/encoding/-/encoding-0.1.12.tgz",
      "integrity": "sha1-U4tm8+5izRq1HsMjgp0flIDHS+s=",
      "requires": {
        "iconv-lite": "0.4.19"
      }
    },
    "fbjs": {
      "version": "0.8.16",
      "resolved": "https://registry.npmjs.org/fbjs/-/fbjs-0.8.16.tgz",
      "integrity": "sha1-XmdDL1UNxBtXK/VYR7ispk5TN9s=",
      "requires": {
        "core-js": "1.2.7",
        "isomorphic-fetch": "2.2.1",
        "loose-envify": "1.3.1",
        "object-assign": "4.1.1",
        "promise": "7.3.1",
        "setimmediate": "1.0.5",
        "ua-parser-js": "0.7.17"
      },
      "dependencies": {
        "isomorphic-fetch": {
          "version": "2.2.1",
          "resolved": "https://registry.npmjs.org/isomorphic-fetch/-/isomorphic-fetch-2.2.1.tgz",
          "integrity": "sha1-YRrhrPFPXoH3KVB0coGf6XM1WKk=",
          "requires": {
            "node-fetch": "1.7.3",
            "whatwg-fetch": "2.0.3"
          }
        }
      }
    },
    "iconv-lite": {
      "version": "0.4.19",
      "resolved": "https://registry.npmjs.org/iconv-lite/-/iconv-lite-0.4.19.tgz",
      "integrity":
        "sha512-oTZqweIP51xaGPI4uPa56/Pri/480R+mo7SeU+YETByQNhDG55ycFyNLIgta9vXhILrxXDmF7ZGhqZIcuN0gJQ=="
    },
    "is-stream": {
      "version": "1.1.0",
      "resolved": "https://registry.npmjs.org/is-stream/-/is-stream-1.1.0.tgz",
      "integrity": "sha1-EtSj3U5o4Lec6428hBc66A2RykQ="
    },
    "js-tokens": {
      "version": "3.0.2",
      "resolved": "https://registry.npmjs.org/js-tokens/-/js-tokens-3.0.2.tgz",
      "integrity": "sha1-mGbfOVECEw449/mWvOtlRDIJwls="
    },
    "keycode": {
      "version": "2.1.9",
      "resolved": "https://registry.npmjs.org/keycode/-/keycode-2.1.9.tgz",
      "integrity": "sha1-lkojxU5IiUBbSGGlyfBIDUUUHfo="
    },
    "loose-envify": {
      "version": "1.3.1",
      "resolved": "https://registry.npmjs.org/loose-envify/-/loose-envify-1.3.1.tgz",
      "integrity": "sha1-0aitM/qc4OcT1l/dCsi3SNR4yEg=",
      "requires": {
        "js-tokens": "3.0.2"
      }
    },
    "node-fetch": {
      "version": "1.7.3",
      "resolved": "https://registry.npmjs.org/node-fetch/-/node-fetch-1.7.3.tgz",
      "integrity":
        "sha512-NhZ4CsKx7cYm2vSrBAr2PvFOe6sWDf0UYLRqA6svUYg7+/TSfVAu49jYC4BvQ4Sms9SZgdqGBgroqfDhJdTyKQ==",
      "requires": {
        "encoding": "0.1.12",
        "is-stream": "1.1.0"
      }
    },
    "object-assign": {
      "version": "4.1.1",
      "resolved": "https://registry.npmjs.org/object-assign/-/object-assign-4.1.1.tgz",
      "integrity": "sha1-IQmtx5ZYh8/AXLvUQsrIv7s2CGM="
    },
    "performance-now": {
      "version": "0.2.0",
      "resolved": "https://registry.npmjs.org/performance-now/-/performance-now-0.2.0.tgz",
      "integrity": "sha1-M+8wxcd9TqIcWlOGnZG1bY8lVeU="
    },
    "promise": {
      "version": "7.3.1",
      "resolved": "https://registry.npmjs.org/promise/-/promise-7.3.1.tgz",
      "integrity":
        "sha512-nolQXZ/4L+bP/UGlkfaIujX9BKxGwmQ9OT4mOt5yvy8iK1h3wqTEJCijzGANTCCl9nWjY41juyAn2K3Q1hLLTg==",
      "requires": {
        "asap": "2.0.6"
      }
    },
    "raf": {
      "version": "3.4.0",
      "resolved": "https://registry.npmjs.org/raf/-/raf-3.4.0.tgz",
      "integrity":
        "sha512-pDP/NMRAXoTfrhCfyfSEwJAKLaxBU9eApMeBPB1TkDouZmvPerIClV8lTAd+uF8ZiTaVl69e1FCxQrAd/VTjGw==",
      "requires": {
        "performance-now": "2.1.0"
      },
      "dependencies": {
        "performance-now": {
          "version": "2.1.0",
          "resolved": "https://registry.npmjs.org/performance-now/-/performance-now-2.1.0.tgz",
          "integrity": "sha1-Ywn04OX6kT7BxpMHrjZLSzd8nns="
        }
      }
    },
    "react-event-listener": {
      "version": "0.5.1",
      "resolved":
        "https://registry.npmjs.org/react-event-listener/-/react-event-listener-0.5.1.tgz",
      "integrity": "sha1-ujYHbke8N8Wmf/XM1Kn/DxViEEA=",
      "requires": {
        "babel-runtime": "6.26.0",
        "fbjs": "0.8.16",
        "prop-types": "15.6.0",
        "warning": "3.0.0"
      },
      "dependencies": {
        "babel-runtime": {
          "version": "6.26.0",
          "resolved": "https://registry.npmjs.org/babel-runtime/-/babel-runtime-6.26.0.tgz",
          "integrity": "sha1-llxwWGaOgrVde/4E/yM3vItWR/4=",
          "requires": {
            "core-js": "2.5.1",
            "regenerator-runtime": "0.11.0"
          }
        },
        "core-js": {
          "version": "2.5.1",
          "resolved": "https://registry.npmjs.org/core-js/-/core-js-2.5.1.tgz",
          "integrity": "sha1-rmh03GaTd4m4B1T/VCjfZoGcpQs="
        },
        "prop-types": {
          "version": "15.6.0",
          "resolved": "https://registry.npmjs.org/prop-types/-/prop-types-15.6.0.tgz",
          "integrity": "sha1-zq8IMCL8RrSjX2nhPvda7Q1jmFY=",
          "requires": {
            "fbjs": "0.8.16",
            "loose-envify": "1.3.1",
            "object-assign": "4.1.1"
          }
        }
      }
    },
    "react-md": {
      "version": "1.2.4",
      "resolved": "https://registry.npmjs.org/react-md/-/react-md-1.2.4.tgz",
      "integrity": "sha1-acOnb9bgEW+SgDTIAXD7ZsS3a+E=",
      "requires": {
        "classnames": "2.2.5",
        "prop-types": "15.6.0",
        "react-motion": "0.5.2",
        "react-prop-types": "0.4.0",
        "react-swipeable-views": "0.12.8",
        "react-transition-group": "1.2.1",
        "resize-observer-polyfill": "1.4.2"
      },
      "dependencies": {
        "classnames": {
          "version": "2.2.5",
          "resolved": "https://registry.npmjs.org/classnames/-/classnames-2.2.5.tgz",
          "integrity": "sha1-+zgB1FNGdknvNgPH1hoCvRKb3m0="
        },
        "prop-types": {
          "version": "15.6.0",
          "resolved": "https://registry.npmjs.org/prop-types/-/prop-types-15.6.0.tgz",
          "integrity": "sha1-zq8IMCL8RrSjX2nhPvda7Q1jmFY=",
          "requires": {
            "fbjs": "0.8.16",
            "loose-envify": "1.3.1",
            "object-assign": "4.1.1"
          }
        }
      }
    },
    "react-motion": {
      "version": "0.5.2",
      "resolved": "https://registry.npmjs.org/react-motion/-/react-motion-0.5.2.tgz",
      "integrity":
        "sha512-9q3YAvHoUiWlP3cK0v+w1N5Z23HXMj4IF4YuvjvWegWqNPfLXsOBE/V7UvQGpXxHFKRQQcNcVQE31g9SB/6qgQ==",
      "requires": {
        "performance-now": "0.2.0",
        "prop-types": "15.6.0",
        "raf": "3.4.0"
      },
      "dependencies": {
        "prop-types": {
          "version": "15.6.0",
          "resolved": "https://registry.npmjs.org/prop-types/-/prop-types-15.6.0.tgz",
          "integrity": "sha1-zq8IMCL8RrSjX2nhPvda7Q1jmFY=",
          "requires": {
            "fbjs": "0.8.16",
            "loose-envify": "1.3.1",
            "object-assign": "4.1.1"
          }
        }
      }
    },
    "react-prop-types": {
      "version": "0.4.0",
      "resolved": "https://registry.npmjs.org/react-prop-types/-/react-prop-types-0.4.0.tgz",
      "integrity": "sha1-+ZsL+0AGkpya8gUefBQUpcdbk9A=",
      "requires": {
        "warning": "3.0.0"
      }
    },
    "react-swipeable-views": {
      "version": "0.12.8",
      "resolved":
        "https://registry.npmjs.org/react-swipeable-views/-/react-swipeable-views-0.12.8.tgz",
      "integrity":
        "sha512-VCPjjP9WTQejM6Yy46mzzHu9H6p5g/IuQMm6TUOEjj8d82a9ii+YAgWOR2KCR5ew/4lqD4WKX2hD6Ix+Lq80Eg==",
      "requires": {
        "babel-runtime": "6.26.0",
        "dom-helpers": "3.2.1",
        "prop-types": "15.6.0",
        "react-swipeable-views-core": "0.12.8",
        "react-swipeable-views-utils": "0.12.8",
        "warning": "3.0.0"
      },
      "dependencies": {
        "babel-runtime": {
          "version": "6.26.0",
          "resolved": "https://registry.npmjs.org/babel-runtime/-/babel-runtime-6.26.0.tgz",
          "integrity": "sha1-llxwWGaOgrVde/4E/yM3vItWR/4=",
          "requires": {
            "core-js": "2.5.1",
            "regenerator-runtime": "0.11.0"
          }
        },
        "core-js": {
          "version": "2.5.1",
          "resolved": "https://registry.npmjs.org/core-js/-/core-js-2.5.1.tgz",
          "integrity": "sha1-rmh03GaTd4m4B1T/VCjfZoGcpQs="
        },
        "prop-types": {
          "version": "15.6.0",
          "resolved": "https://registry.npmjs.org/prop-types/-/prop-types-15.6.0.tgz",
          "integrity": "sha1-zq8IMCL8RrSjX2nhPvda7Q1jmFY=",
          "requires": {
            "fbjs": "0.8.16",
            "loose-envify": "1.3.1",
            "object-assign": "4.1.1"
          }
        }
      }
    },
    "react-swipeable-views-core": {
      "version": "0.12.8",
      "resolved":
        "https://registry.npmjs.org/react-swipeable-views-core/-/react-swipeable-views-core-0.12.8.tgz",
      "integrity":
        "sha512-VudJhi43DwgLFh25aeNPxSwONzyErPFRg13Hm3YcSwSjwhkvNf3oficuPT7/Kd6qxorDj046D8Nkunl/DG5srA==",
      "requires": {
        "babel-runtime": "6.26.0",
        "warning": "3.0.0"
      },
      "dependencies": {
        "babel-runtime": {
          "version": "6.26.0",
          "resolved": "https://registry.npmjs.org/babel-runtime/-/babel-runtime-6.26.0.tgz",
          "integrity": "sha1-llxwWGaOgrVde/4E/yM3vItWR/4=",
          "requires": {
            "core-js": "2.5.1",
            "regenerator-runtime": "0.11.0"
          }
        },
        "core-js": {
          "version": "2.5.1",
          "resolved": "https://registry.npmjs.org/core-js/-/core-js-2.5.1.tgz",
          "integrity": "sha1-rmh03GaTd4m4B1T/VCjfZoGcpQs="
        }
      }
    },
    "react-swipeable-views-utils": {
      "version": "0.12.8",
      "resolved":
        "https://registry.npmjs.org/react-swipeable-views-utils/-/react-swipeable-views-utils-0.12.8.tgz",
      "integrity":
        "sha512-NHXFbB8Bq1RnuBn5IyZoSTofDHuwXbwbkdFIeTFCozeHvLeIHm6A2rRKy2CTYZggNRUukgHZrsGqRU+H1M2iSQ==",
      "requires": {
        "babel-runtime": "6.26.0",
        "fbjs": "0.8.16",
        "keycode": "2.1.9",
        "prop-types": "15.6.0",
        "react-event-listener": "0.5.1",
        "react-swipeable-views-core": "0.12.8"
      },
      "dependencies": {
        "babel-runtime": {
          "version": "6.26.0",
          "resolved": "https://registry.npmjs.org/babel-runtime/-/babel-runtime-6.26.0.tgz",
          "integrity": "sha1-llxwWGaOgrVde/4E/yM3vItWR/4=",
          "requires": {
            "core-js": "2.5.1",
            "regenerator-runtime": "0.11.0"
          }
        },
        "core-js": {
          "version": "2.5.1",
          "resolved": "https://registry.npmjs.org/core-js/-/core-js-2.5.1.tgz",
          "integrity": "sha1-rmh03GaTd4m4B1T/VCjfZoGcpQs="
        },
        "prop-types": {
          "version": "15.6.0",
          "resolved": "https://registry.npmjs.org/prop-types/-/prop-types-15.6.0.tgz",
          "integrity": "sha1-zq8IMCL8RrSjX2nhPvda7Q1jmFY=",
          "requires": {
            "fbjs": "0.8.16",
            "loose-envify": "1.3.1",
            "object-assign": "4.1.1"
          }
        }
      }
    },
    "react-tooltip": {
      "version": "3.4.0",
      "resolved": "https://registry.npmjs.org/react-tooltip/-/react-tooltip-3.4.0.tgz",
      "integrity": "sha1-A38495fD5rG1jSU0zMjCx2r09S0=",
      "requires": {
        "classnames": "2.2.5",
        "prop-types": "15.6.0"
      },
      "dependencies": {
        "classnames": {
          "version": "2.2.5",
          "resolved": "https://registry.npmjs.org/classnames/-/classnames-2.2.5.tgz",
          "integrity": "sha1-+zgB1FNGdknvNgPH1hoCvRKb3m0="
        },
        "prop-types": {
          "version": "15.6.0",
          "resolved": "https://registry.npmjs.org/prop-types/-/prop-types-15.6.0.tgz",
          "integrity": "sha1-zq8IMCL8RrSjX2nhPvda7Q1jmFY=",
          "requires": {
            "fbjs": "0.8.16",
            "loose-envify": "1.3.1",
            "object-assign": "4.1.1"
          }
        }
      }
    },
    "react-transition-group": {
      "version": "1.2.1",
      "resolved":
        "https://registry.npmjs.org/react-transition-group/-/react-transition-group-1.2.1.tgz",
      "integrity":
        "sha512-CWaL3laCmgAFdxdKbhhps+c0HRGF4c+hdM4H23+FI1QBNUyx/AMeIJGWorehPNSaKnQNOAxL7PQmqMu78CDj3Q==",
      "requires": {
        "chain-function": "1.0.0",
        "dom-helpers": "3.2.1",
        "loose-envify": "1.3.1",
        "prop-types": "15.6.0",
        "warning": "3.0.0"
      },
      "dependencies": {
        "prop-types": {
          "version": "15.6.0",
          "resolved": "https://registry.npmjs.org/prop-types/-/prop-types-15.6.0.tgz",
          "integrity": "sha1-zq8IMCL8RrSjX2nhPvda7Q1jmFY=",
          "requires": {
            "fbjs": "0.8.16",
            "loose-envify": "1.3.1",
            "object-assign": "4.1.1"
          }
        }
      }
    },
    "regenerator-runtime": {
      "version": "0.11.0",
      "resolved": "https://registry.npmjs.org/regenerator-runtime/-/regenerator-runtime-0.11.0.tgz",
      "integrity":
        "sha512-/aA0kLeRb5N9K0d4fw7ooEbI+xDe+DKD499EQqygGqeS8N3xto15p09uY2xj7ixP81sNPXvRLnAQIqdVStgb1A=="
    },
    "resize-observer-polyfill": {
      "version": "1.4.2",
      "resolved":
        "https://registry.npmjs.org/resize-observer-polyfill/-/resize-observer-polyfill-1.4.2.tgz",
      "integrity": "sha1-o3GY5iCeiIrLFTKplo4G04tniOU="
    },
    "setimmediate": {
      "version": "1.0.5",
      "resolved": "https://registry.npmjs.org/setimmediate/-/setimmediate-1.0.5.tgz",
      "integrity": "sha1-KQy7Iy4waULX1+qbg3Mqt4VvgoU="
    },
    "ua-parser-js": {
      "version": "0.7.17",
      "resolved": "https://registry.npmjs.org/ua-parser-js/-/ua-parser-js-0.7.17.tgz",
      "integrity":
        "sha512-uRdSdu1oA1rncCQL7sCj8vSyZkgtL7faaw9Tc9rZ3mGgraQ7+Pdx7w5mnOSF3gw9ZNG6oc+KXfkon3bKuROm0g=="
    },
    "warning": {
      "version": "3.0.0",
      "resolved": "https://registry.npmjs.org/warning/-/warning-3.0.0.tgz",
      "integrity": "sha1-MuU3fLVy3kqwR1O9+IIcAe1gW3w=",
      "requires": {
        "loose-envify": "1.3.1"
      }
    },
    "whatwg-fetch": {
      "version": "2.0.3",
      "resolved": "https://registry.npmjs.org/whatwg-fetch/-/whatwg-fetch-2.0.3.tgz",
      "integrity": "sha1-nITsLc9oGH/wC8ZOEnS0QhduHIQ="
    }
  }
}
